
Microsoft Visual Studio Solution File, Format Version 12.00
# Visual Studio 15
VisualStudioVersion = 15.0.26430.14
MinimumVisualStudioVersion = 10.0.40219.1
Project("{9A19103F-16F7-4668-BE54-9A1E7A4F7556}") = "OnlineForum.Core", "src\OnlineForum.Core\OnlineForum.Core.csproj", "{90E0513A-F8C9-4AC3-B6C5-474DA8709767}"
EndProject
Project("{9A19103F-16F7-4668-BE54-9A1E7A4F7556}") = "OnlineForum.DAL", "src\OnlineForum.DAL\OnlineForum.DAL.csproj", "{29D3DFEF-B089-4D2A-B9A1-CB4D323DAC2D}"
EndProject
Project("{9A19103F-16F7-4668-BE54-9A1E7A4F7556}") = "OnlineForum.Web", "src\OnlineForum.Web\OnlineForum.Web.csproj", "{DEB2E73C-716D-493C-ADD4-297305A0286E}"
EndProject
Project("{2150E333-8FDC-42A3-9474-1A3956D46DE8}") = "Tests", "Tests", "{63764C28-6544-4794-999E-AF1527006117}"
EndProject
Project("{FAE04EC0-301F-11D3-BF4B-00C04F79EFBC}") = "OnlineForum.Core.Tests", "src\Tests\OnlineForum.Core.Tests\OnlineForum.Core.Tests.csproj", "{DEEFAFF6-47AA-44D2-A33A-6A7072C1389E}"
EndProject
Global
	GlobalSection(SolutionConfigurationPlatforms) = preSolution
		Debug|Any CPU = Debug|Any CPU
		Release|Any CPU = Release|Any CPU
	EndGlobalSection
	GlobalSection(ProjectConfigurationPlatforms) = postSolution
		{90E0513A-F8C9-4AC3-B6C5-474DA8709767}.Debug|Any CPU.ActiveCfg = Debug|Any CPU
		{90E0513A-F8C9-4AC3-B6C5-474DA8709767}.Debug|Any CPU.Build.0 = Debug|Any CPU
		{90E0513A-F8C9-4AC3-B6C5-474DA8709767}.Release|Any CPU.ActiveCfg = Release|Any CPU
		{90E0513A-F8C9-4AC3-B6C5-474DA8709767}.Release|Any CPU.Build.0 = Release|Any CPU
		{29D3DFEF-B089-4D2A-B9A1-CB4D323DAC2D}.Debug|Any CPU.ActiveCfg = Debug|Any CPU
		{29D3DFEF-B089-4D2A-B9A1-CB4D323DAC2D}.Debug|Any CPU.Build.0 = Debug|Any CPU
		{29D3DFEF-B089-4D2A-B9A1-CB4D323DAC2D}.Release|Any CPU.ActiveCfg = Release|Any CPU
		{29D3DFEF-B089-4D2A-B9A1-CB4D323DAC2D}.Release|Any CPU.Build.0 = Release|Any CPU
		{DEB2E73C-716D-493C-ADD4-297305A0286E}.Debug|Any CPU.ActiveCfg = Debug|Any CPU
		{DEB2E73C-716D-493C-ADD4-297305A0286E}.Debug|Any CPU.Build.0 = Debug|Any CPU
		{DEB2E73C-716D-493C-ADD4-297305A0286E}.Release|Any CPU.ActiveCfg = Release|Any CPU
		{DEB2E73C-716D-493C-ADD4-297305A0286E}.Release|Any CPU.Build.0 = Release|Any CPU
		{DEEFAFF6-47AA-44D2-A33A-6A7072C1389E}.Debug|Any CPU.ActiveCfg = Debug|Any CPU
		{DEEFAFF6-47AA-44D2-A33A-6A7072C1389E}.Debug|Any CPU.Build.0 = Debug|Any CPU
		{DEEFAFF6-47AA-44D2-A33A-6A7072C1389E}.Release|Any CPU.ActiveCfg = Release|Any CPU
		{DEEFAFF6-47AA-44D2-A33A-6A7072C1389E}.Release|Any CPU.Build.0 = Release|Any CPU
	EndGlobalSection
	GlobalSection(SolutionProperties) = preSolution
		HideSolutionNode = FALSE
	EndGlobalSection
	GlobalSection(NestedProjects) = preSolution
		{DEEFAFF6-47AA-44D2-A33A-6A7072C1389E} = {63764C28-6544-4794-999E-AF1527006117}
	EndGlobalSection
EndGlobal
